
Microsoft Visual Studio Solution File, Format Version 12.00
# Visual Studio Version 17
VisualStudioVersion = 17.5.33516.290
MinimumVisualStudioVersion = 10.0.40219.1
Project("{FAE04EC0-301F-11D3-BF4B-00C04F79EFBC}") = "ShopAPI", "ShopAPI\ShopAPI.csproj", "{C4BC719D-44E8-415C-8C51-5C7F341B29C3}"
EndProject
Project("{FAE04EC0-301F-11D3-BF4B-00C04F79EFBC}") = "ShopAPI.Models", "ShopAPI.Models\ShopAPI.Models.csproj", "{D6FC85E4-7D6B-40A8-8279-29AB63CF68FA}"
EndProject
Project("{FAE04EC0-301F-11D3-BF4B-00C04F79EFBC}") = "ShopAPI.Services", "ShopAPI.Services\ShopAPI.Services.csproj", "{7E1E8CB5-16AC-48A0-AF95-0ADCD9983B10}"
EndProject
Project("{FAE04EC0-301F-11D3-BF4B-00C04F79EFBC}") = "ShopAPI.Repositories", "ShopAPI.Repositories\ShopAPI.Repositories.csproj", "{68995BF3-F213-4C70-9DA3-8E4BF245DE20}"
EndProject
Global
	GlobalSection(SolutionConfigurationPlatforms) = preSolution
		Debug|Any CPU = Debug|Any CPU
		Release|Any CPU = Release|Any CPU
	EndGlobalSection
	GlobalSection(ProjectConfigurationPlatforms) = postSolution
		{C4BC719D-44E8-415C-8C51-5C7F341B29C3}.Debug|Any CPU.ActiveCfg = Debug|Any CPU
		{C4BC719D-44E8-415C-8C51-5C7F341B29C3}.Debug|Any CPU.Build.0 = Debug|Any CPU
		{C4BC719D-44E8-415C-8C51-5C7F341B29C3}.Release|Any CPU.ActiveCfg = Release|Any CPU
		{C4BC719D-44E8-415C-8C51-5C7F341B29C3}.Release|Any CPU.Build.0 = Release|Any CPU
		{D6FC85E4-7D6B-40A8-8279-29AB63CF68FA}.Debug|Any CPU.ActiveCfg = Debug|Any CPU
		{D6FC85E4-7D6B-40A8-8279-29AB63CF68FA}.Debug|Any CPU.Build.0 = Debug|Any CPU
		{D6FC85E4-7D6B-40A8-8279-29AB63CF68FA}.Release|Any CPU.ActiveCfg = Release|Any CPU
		{D6FC85E4-7D6B-40A8-8279-29AB63CF68FA}.Release|Any CPU.Build.0 = Release|Any CPU
		{7E1E8CB5-16AC-48A0-AF95-0ADCD9983B10}.Debug|Any CPU.ActiveCfg = Debug|Any CPU
		{7E1E8CB5-16AC-48A0-AF95-0ADCD9983B10}.Debug|Any CPU.Build.0 = Debug|Any CPU
		{7E1E8CB5-16AC-48A0-AF95-0ADCD9983B10}.Release|Any CPU.ActiveCfg = Release|Any CPU
		{7E1E8CB5-16AC-48A0-AF95-0ADCD9983B10}.Release|Any CPU.Build.0 = Release|Any CPU
		{68995BF3-F213-4C70-9DA3-8E4BF245DE20}.Debug|Any CPU.ActiveCfg = Debug|Any CPU
		{68995BF3-F213-4C70-9DA3-8E4BF245DE20}.Debug|Any CPU.Build.0 = Debug|Any CPU
		{68995BF3-F213-4C70-9DA3-8E4BF245DE20}.Release|Any CPU.ActiveCfg = Release|Any CPU
		{68995BF3-F213-4C70-9DA3-8E4BF245DE20}.Release|Any CPU.Build.0 = Release|Any CPU
	EndGlobalSection
	GlobalSection(SolutionProperties) = preSolution
		HideSolutionNode = FALSE
	EndGlobalSection
	GlobalSection(ExtensibilityGlobals) = postSolution
		SolutionGuid = {524DF07F-5B04-4A07-852A-CCD2791E91EA}
	EndGlobalSection
EndGlobal
